// !$*UTF8*$!
{
	archiveVersion = 1;
	classes = {
	};
	objectVersion = 46;
	objects = {

/* Begin PBXBuildFile section */
		41E842261D40A40700947104 /* main.m in Sources */ = {isa = PBXBuildFile; fileRef = 41E842251D40A40700947104 /* main.m */; };
		41E842291D40A40700947104 /* AppDelegate.m in Sources */ = {isa = PBXBuildFile; fileRef = 41E842281D40A40700947104 /* AppDelegate.m */; };
		41E8422C1D40A40700947104 /* ViewController.m in Sources */ = {isa = PBXBuildFile; fileRef = 41E8422B1D40A40700947104 /* ViewController.m */; };
		41E8422F1D40A40700947104 /* Main.storyboard in Resources */ = {isa = PBXBuildFile; fileRef = 41E8422D1D40A40700947104 /* Main.storyboard */; };
		41E842311D40A40700947104 /* Assets.xcassets in Resources */ = {isa = PBXBuildFile; fileRef = 41E842301D40A40700947104 /* Assets.xcassets */; };
		41E842341D40A40700947104 /* LaunchScreen.storyboard in Resources */ = {isa = PBXBuildFile; fileRef = 41E842321D40A40700947104 /* LaunchScreen.storyboard */; };
		41E8423D1D40A42500947104 /* GMView.m in Sources */ = {isa = PBXBuildFile; fileRef = 41E8423C1D40A42500947104 /* GMView.m */; };
/* End PBXBuildFile section */

/* Begin PBXFileReference section */
		41E842211D40A40700947104 /* iOS 水波纹效果1.app */ = {isa = PBXFileReference; explicitFileType = wrapper.application; includeInIndex = 0; path = "iOS 水波纹效果1.app"; sourceTree = BUILT_PRODUCTS_DIR; };
		41E842251D40A40700947104 /* main.m */ = {isa = PBXFileReference; lastKnownFileType = sourcecode.c.objc; path = main.m; sourceTree = "<group>"; };
		41E842271D40A40700947104 /* AppDelegate.h */ = {isa = PBXFileReference; lastKnownFileType = sourcecode.c.h; path = AppDelegate.h; sourceTree = "<group>"; };
		41E842281D40A40700947104 /* AppDelegate.m */ = {isa = PBXFileReference; lastKnownFileType = sourcecode.c.objc; path = AppDelegate.m; sourceTree = "<group>"; };
		41E8422A1D40A40700947104 /* ViewController.h */ = {isa = PBXFileReference; lastKnownFileType = sourcecode.c.h; path = ViewController.h; sourceTree = "<group>"; };
		41E8422B1D40A40700947104 /* ViewController.m */ = {isa = PBXFileReference; lastKnownFileType = sourcecode.c.objc; path = ViewController.m; sourceTree = "<group>"; };
		41E8422E1D40A40700947104 /* Base */ = {isa = PBXFileReference; lastKnownFileType = file.storyboard; name = Base; path = Base.lproj/Main.storyboard; sourceTree = "<group>"; };
		41E842301D40A40700947104 /* Assets.xcassets */ = {isa = PBXFileReference; lastKnownFileType = folder.assetcatalog; path = Assets.xcassets; sourceTree = "<group>"; };
		41E842331D40A40700947104 /* Base */ = {isa = PBXFileReference; lastKnownFileType = file.storyboard; name = Base; path = Base.lproj/LaunchScreen.storyboard; sourceTree = "<group>"; };
		41E842351D40A40700947104 /* Info.plist */ = {isa = PBXFileReference; lastKnownFileType = text.plist.xml; path = Info.plist; sourceTree = "<group>"; };
		41E8423B1D40A42500947104 /* GMView.h */ = {isa = PBXFileReference; fileEncoding = 4; lastKnownFileType = sourcecode.c.h; path = GMView.h; sourceTree = "<group>"; };
		41E8423C1D40A42500947104 /* GMView.m */ = {isa = PBXFileReference; fileEncoding = 4; lastKnownFileType = sourcecode.c.objc; path = GMView.m; sourceTree = "<group>"; };
/* End PBXFileReference section */

/* Begin PBXFrameworksBuildPhase section */
		41E8421E1D40A40700947104 /* Frameworks */ = {
			isa = PBXFrameworksBuildPhase;
			buildActionMask = 2147483647;
			files = (
			);
			runOnlyForDeploymentPostprocessing = 0;
		};
/* End PBXFrameworksBuildPhase section */

/* Begin PBXGroup section */
		41E842181D40A40700947104 = {
			isa = PBXGroup;
			children = (
				41E842231D40A40700947104 /* iOS 水波纹效果1 */,
				41E842221D40A40700947104 /* Products */,
			);
			sourceTree = "<group>";
		};
		41E842221D40A40700947104 /* Products */ = {
			isa = PBXGroup;
			children = (
				41E842211D40A40700947104 /* iOS 水波纹效果1.app */,
			);
			name = Products;
			sourceTree = "<group>";
		};
		41E842231D40A40700947104 /* iOS 水波纹效果1 */ = {
			isa = PBXGroup;
			children = (
				41E842271D40A40700947104 /* AppDelegate.h */,
				41E842281D40A40700947104 /* AppDelegate.m */,
				41E8422A1D40A40700947104 /* ViewController.h */,
				41E8422B1D40A40700947104 /* ViewController.m */,
				41E8423B1D40A42500947104 /* GMView.h */,
				41E8423C1D40A42500947104 /* GMView.m */,
				41E8422D1D40A40700947104 /* Main.storyboard */,
				41E842301D40A40700947104 /* Assets.xcassets */,
				41E842321D40A40700947104 /* LaunchScreen.storyboard */,
				41E842351D40A40700947104 /* Info.plist */,
				41E842241D40A40700947104 /* Supporting Files */,
			);
			path = "iOS 水波纹效果1";
			sourceTree = "<group>";
		};
		41E842241D40A40700947104 /* Supporting Files */ = {
			isa = PBXGroup;
			children = (
				41E842251D40A40700947104 /* main.m */,
			);
			name = "Supporting Files";
			sourceTree = "<group>";
		};
/* End PBXGroup section */

/* Begin PBXNativeTarget section */
		41E842201D40A40700947104 /* iOS 水波纹效果1 */ = {
			isa = PBXNativeTarget;
			buildConfigurationList = 41E842381D40A40700947104 /* Build configuration list for PBXNativeTarget "iOS 水波纹效果1" */;
			buildPhases = (
				41E8421D1D40A40700947104 /* Sources */,
				41E8421E1D40A40700947104 /* Frameworks */,
				41E8421F1D40A40700947104 /* Resources */,
			);
			buildRules = (
			);
			dependencies = (
			);
			name = "iOS 水波纹效果1";
			productName = "iOS 水波纹效果1";
			productReference = 41E842211D40A40700947104 /* iOS 水波纹效果1.app */;
			productType = "com.apple.product-type.application";
		};
/* End PBXNativeTarget section */

/* Begin PBXProject section */
		41E842191D40A40700947104 /* Project object */ = {
			isa = PBXProject;
			attributes = {
				LastUpgradeCheck = 0730;
				ORGANIZATIONNAME = GloryMan;
				TargetAttributes = {
					41E842201D40A40700947104 = {
						CreatedOnToolsVersion = 7.3.1;
					};
				};
			};
			buildConfigurationList = 41E8421C1D40A40700947104 /* Build configuration list for PBXProject "iOS 水波纹效果1" */;
			compatibilityVersion = "Xcode 3.2";
			developmentRegion = English;
			hasScannedForEncodings = 0;
			knownRegions = (
				en,
				Base,
			);
			mainGroup = 41E842181D40A40700947104;
			productRefGroup = 41E842221D40A40700947104 /* Products */;
			projectDirPath = "";
			projectRoot = "";
			targets = (
				41E842201D40A40700947104 /* iOS 水波纹效果1 */,
			);
		};
/* End PBXProject section */

/* Begin PBXResourcesBuildPhase section */
		41E8421F1D40A40700947104 /* Resources */ = {
			isa = PBXResourcesBuildPhase;
			buildActionMask = 2147483647;
			files = (
				41E842341D40A40700947104 /* LaunchScreen.storyboard in Resources */,
				41E842311D40A40700947104 /* Assets.xcassets in Resources */,
				41E8422F1D40A40700947104 /* Main.storyboard in Resources */,
			);
			runOnlyForDeploymentPostprocessing = 0;
		};
/* End PBXResourcesBuildPhase section */

/* Begin PBXSourcesBuildPhase section */
		41E8421D1D40A40700947104 /* Sources */ = {
			isa = PBXSourcesBuildPhase;
			buildActionMask = 2147483647;
			files = (
				41E8422C1D40A40700947104 /* ViewController.m in Sources */,
				41E842291D40A40700947104 /* AppDelegate.m in Sources */,
				41E8423D1D40A42500947104 /* GMView.m in Sources */,
				41E842261D40A40700947104 /* main.m in Sources */,
			);
			runOnlyForDeploymentPostprocessing = 0;
		};
/* End PBXSourcesBuildPhase section */

/* Begin PBXVariantGroup section */
		41E8422D1D40A40700947104 /* Main.storyboard */ = {
			isa = PBXVariantGroup;
			children = (
				41E8422E1D40A40700947104 /* Base */,
			);
			name = Main.storyboard;
			sourceTree = "<group>";
		};
		41E842321D40A40700947104 /* LaunchScreen.storyboard */ = {
			isa = PBXVariantGroup;
			children = (
				41E842331D40A40700947104 /* Base */,
			);
			name = LaunchScreen.storyboard;
			sourceTree = "<group>";
		};
/* End PBXVariantGroup section */

/* Begin XCBuildConfiguration section */
		41E842361D40A40700947104 /* Debug */ = {
			isa = XCBuildConfiguration;
			buildSettings = {
				ALWAYS_SEARCH_USER_PATHS = NO;
				CLANG_ANALYZER_NONNULL = YES;
				CLANG_CXX_LANGUAGE_STANDARD = "gnu++0x";
				CLANG_CXX_LIBRARY = "libc++";
				CLANG_ENABLE_MODULES = YES;
				CLANG_ENABLE_OBJC_ARC = YES;
				CLANG_WARN_BOOL_CONVERSION = YES;
				CLANG_WARN_CONSTANT_CONVERSION = YES;
				CLANG_WARN_DIRECT_OBJC_ISA_USAGE = YES_ERROR;
				CLANG_WARN_EMPTY_BODY = YES;
				CLANG_WARN_ENUM_CONVERSION = YES;
				CLANG_WARN_INT_CONVERSION = YES;
				CLANG_WARN_OBJC_ROOT_CLASS = YES_ERROR;
				CLANG_WARN_UNREACHABLE_CODE = YES;
				CLANG_WARN__DUPLICATE_METHOD_MATCH = YES;
				"CODE_SIGN_IDENTITY[sdk=iphoneos*]" = "iPhone Developer";
				COPY_PHASE_STRIP = NO;
				DEBUG_INFORMATION_FORMAT = dwarf;
				ENABLE_STRICT_OBJC_MSGSEND = YES;
				ENABLE_TESTABILITY = YES;
				GCC_C_LANGUAGE_STANDARD = gnu99;
				GCC_DYNAMIC_NO_PIC = NO;
				GCC_NO_COMMON_BLOCKS = YES;
				GCC_OPTIMIZATION_LEVEL = 0;
				GCC_PREPROCESSOR_DEFINITIONS = (
					"DEBUG=1",
					"$(inherited)",
				);
				GCC_WARN_64_TO_32_BIT_CONVERSION = YES;
				GCC_WARN_ABOUT_RETURN_TYPE = YES_ERROR;
				GCC_WARN_UNDECLARED_SELECTOR = YES;
				GCC_WARN_UNINITIALIZED_AUTOS = YES_AGGRESSIVE;
				GCC_WARN_UNUSED_FUNCTION = YES;
				GCC_WARN_UNUSED_VARIABLE = YES;
				IPHONEOS_DEPLOYMENT_TARGET = 9.3;
				MTL_ENABLE_DEBUG_INFO = YES;
				ONLY_ACTIVE_ARCH = YES;
				SDKROOT = iphoneos;
			};
			name = Debug;
		};
		41E842371D40A40700947104 /* Release */ = {
			isa = XCBuildConfiguration;
			buildSettings = {
				ALWAYS_SEARCH_USER_PATHS = NO;
				CLANG_ANALYZER_NONNULL = YES;
				CLANG_CXX_LANGUAGE_STANDARD = "gnu++0x";
				CLANG_CXX_LIBRARY = "libc++";
				CLANG_ENABLE_MODULES = YES;
				CLANG_ENABLE_OBJC_ARC = YES;
				CLANG_WARN_BOOL_CONVERSION = YES;
				CLANG_WARN_CONSTANT_CONVERSION = YES;
				CLANG_WARN_DIRECT_OBJC_ISA_USAGE = YES_ERROR;
				CLANG_WARN_EMPTY_BODY = YES;
				CLANG_WARN_ENUM_CONVERSION = YES;
				CLANG_WARN_INT_CONVERSION = YES;
				CLANG_WARN_OBJC_ROOT_CLASS = YES_ERROR;
				CLANG_WARN_UNREACHABLE_CODE = YES;
				CLANG_WARN__DUPLICATE_METHOD_MATCH = YES;
				"CODE_SIGN_IDENTITY[sdk=iphoneos*]" = "iPhone Developer";
				COPY_PHASE_STRIP = NO;
				DEBUG_INFORMATION_FORMAT = "dwarf-with-dsym";
				ENABLE_NS_ASSERTIONS = NO;
				ENABLE_STRICT_OBJC_MSGSEND = YES;
				GCC_C_LANGUAGE_STANDARD = gnu99;
				GCC_NO_COMMON_BLOCKS = YES;
				GCC_WARN_64_TO_32_BIT_CONVERSION = YES;
				GCC_WARN_ABOUT_RETURN_TYPE = YES_ERROR;
				GCC_WARN_UNDECLARED_SELECTOR = YES;
				GCC_WARN_UNINITIALIZED_AUTOS = YES_AGGRESSIVE;
				GCC_WARN_UNUSED_FUNCTION = YES;
				GCC_WARN_UNUSED_VARIABLE = YES;
				IPHONEOS_DEPLOYMENT_TARGET = 9.3;
				MTL_ENABLE_DEBUG_INFO = NO;
				SDKROOT = iphoneos;
				VALIDATE_PRODUCT = YES;
			};
			name = Release;
		};
		41E842391D40A40700947104 /* Debug */ = {
			isa = XCBuildConfiguration;
			buildSettings = {
				ASSETCATALOG_COMPILER_APPICON_NAME = AppIcon;
				INFOPLIST_FILE = "iOS 水波纹效果1/Info.plist";
				LD_RUNPATH_SEARCH_PATHS = "$(inherited) @executable_path/Frameworks";
				PRODUCT_BUNDLE_IDENTIFIER = "-06907778-qq.com.iOS------1";
				PRODUCT_NAME = "$(TARGET_NAME)";
			};
			name = Debug;
		};
		41E8423A1D40A40700947104 /* Release */ = {
			isa = XCBuildConfiguration;
			buildSettings = {
				ASSETCATALOG_COMPILER_APPICON_NAME = AppIcon;
				INFOPLIST_FILE = "iOS 水波纹效果1/Info.plist";
				LD_RUNPATH_SEARCH_PATHS = "$(inherited) @executable_path/Frameworks";
				PRODUCT_BUNDLE_IDENTIFIER = "-06907778-qq.com.iOS------1";
				PRODUCT_NAME = "$(TARGET_NAME)";
			};
			name = Release;
		};
/* End XCBuildConfiguration section */

/* Begin XCConfigurationList section */
		41E8421C1D40A40700947104 /* Build configuration list for PBXProject "iOS 水波纹效果1" */ = {
			isa = XCConfigurationList;
			buildConfigurations = (
				41E842361D40A40700947104 /* Debug */,
				41E842371D40A40700947104 /* Release */,
			);
			defaultConfigurationIsVisible = 0;
			defaultConfigurationName = Release;
		};
		41E842381D40A40700947104 /* Build configuration list for PBXNativeTarget "iOS 水波纹效果1" */ = {
			isa = XCConfigurationList;
			buildConfigurations = (
				41E842391D40A40700947104 /* Debug */,
				41E8423A1D40A40700947104 /* Release */,
			);
			defaultConfigurationIsVisible = 0;
		};
/* End XCConfigurationList section */
	};
	rootObject = 41E842191D40A40700947104 /* Project object */;
}
