// !$*UTF8*$!
{
	archiveVersion = 1;
	classes = {
	};
	objectVersion = 46;
	objects = {

/* Begin PBXBuildFile section */
		411646371D2DF19800715643 /* main.m in Sources */ = {isa = PBXBuildFile; fileRef = 411646361D2DF19800715643 /* main.m */; };
		4116463A1D2DF19800715643 /* AppDelegate.m in Sources */ = {isa = PBXBuildFile; fileRef = 411646391D2DF19800715643 /* AppDelegate.m */; };
		4116463D1D2DF19800715643 /* ViewController.m in Sources */ = {isa = PBXBuildFile; fileRef = 4116463C1D2DF19800715643 /* ViewController.m */; };
		411646401D2DF19800715643 /* Main.storyboard in Resources */ = {isa = PBXBuildFile; fileRef = 4116463E1D2DF19800715643 /* Main.storyboard */; };
		411646421D2DF19800715643 /* Assets.xcassets in Resources */ = {isa = PBXBuildFile; fileRef = 411646411D2DF19800715643 /* Assets.xcassets */; };
		411646451D2DF19800715643 /* LaunchScreen.storyboard in Resources */ = {isa = PBXBuildFile; fileRef = 411646431D2DF19800715643 /* LaunchScreen.storyboard */; };
/* End PBXBuildFile section */

/* Begin PBXFileReference section */
		411646321D2DF19800715643 /* CAShapeLayer 绘制火柴人.app */ = {isa = PBXFileReference; explicitFileType = wrapper.application; includeInIndex = 0; path = "CAShapeLayer 绘制火柴人.app"; sourceTree = BUILT_PRODUCTS_DIR; };
		411646361D2DF19800715643 /* main.m */ = {isa = PBXFileReference; lastKnownFileType = sourcecode.c.objc; path = main.m; sourceTree = "<group>"; };
		411646381D2DF19800715643 /* AppDelegate.h */ = {isa = PBXFileReference; lastKnownFileType = sourcecode.c.h; path = AppDelegate.h; sourceTree = "<group>"; };
		411646391D2DF19800715643 /* AppDelegate.m */ = {isa = PBXFileReference; lastKnownFileType = sourcecode.c.objc; path = AppDelegate.m; sourceTree = "<group>"; };
		4116463B1D2DF19800715643 /* ViewController.h */ = {isa = PBXFileReference; lastKnownFileType = sourcecode.c.h; path = ViewController.h; sourceTree = "<group>"; };
		4116463C1D2DF19800715643 /* ViewController.m */ = {isa = PBXFileReference; lastKnownFileType = sourcecode.c.objc; path = ViewController.m; sourceTree = "<group>"; };
		4116463F1D2DF19800715643 /* Base */ = {isa = PBXFileReference; lastKnownFileType = file.storyboard; name = Base; path = Base.lproj/Main.storyboard; sourceTree = "<group>"; };
		411646411D2DF19800715643 /* Assets.xcassets */ = {isa = PBXFileReference; lastKnownFileType = folder.assetcatalog; path = Assets.xcassets; sourceTree = "<group>"; };
		411646441D2DF19800715643 /* Base */ = {isa = PBXFileReference; lastKnownFileType = file.storyboard; name = Base; path = Base.lproj/LaunchScreen.storyboard; sourceTree = "<group>"; };
		411646461D2DF19800715643 /* Info.plist */ = {isa = PBXFileReference; lastKnownFileType = text.plist.xml; path = Info.plist; sourceTree = "<group>"; };
/* End PBXFileReference section */

/* Begin PBXFrameworksBuildPhase section */
		4116462F1D2DF19800715643 /* Frameworks */ = {
			isa = PBXFrameworksBuildPhase;
			buildActionMask = 2147483647;
			files = (
			);
			runOnlyForDeploymentPostprocessing = 0;
		};
/* End PBXFrameworksBuildPhase section */

/* Begin PBXGroup section */
		411646291D2DF19800715643 = {
			isa = PBXGroup;
			children = (
				411646341D2DF19800715643 /* CAShapeLayer 绘制火柴人 */,
				411646331D2DF19800715643 /* Products */,
			);
			sourceTree = "<group>";
		};
		411646331D2DF19800715643 /* Products */ = {
			isa = PBXGroup;
			children = (
				411646321D2DF19800715643 /* CAShapeLayer 绘制火柴人.app */,
			);
			name = Products;
			sourceTree = "<group>";
		};
		411646341D2DF19800715643 /* CAShapeLayer 绘制火柴人 */ = {
			isa = PBXGroup;
			children = (
				411646381D2DF19800715643 /* AppDelegate.h */,
				411646391D2DF19800715643 /* AppDelegate.m */,
				4116463B1D2DF19800715643 /* ViewController.h */,
				4116463C1D2DF19800715643 /* ViewController.m */,
				4116463E1D2DF19800715643 /* Main.storyboard */,
				411646411D2DF19800715643 /* Assets.xcassets */,
				411646431D2DF19800715643 /* LaunchScreen.storyboard */,
				411646461D2DF19800715643 /* Info.plist */,
				411646351D2DF19800715643 /* Supporting Files */,
			);
			path = "CAShapeLayer 绘制火柴人";
			sourceTree = "<group>";
		};
		411646351D2DF19800715643 /* Supporting Files */ = {
			isa = PBXGroup;
			children = (
				411646361D2DF19800715643 /* main.m */,
			);
			name = "Supporting Files";
			sourceTree = "<group>";
		};
/* End PBXGroup section */

/* Begin PBXNativeTarget section */
		411646311D2DF19800715643 /* CAShapeLayer 绘制火柴人 */ = {
			isa = PBXNativeTarget;
			buildConfigurationList = 411646491D2DF19800715643 /* Build configuration list for PBXNativeTarget "CAShapeLayer 绘制火柴人" */;
			buildPhases = (
				4116462E1D2DF19800715643 /* Sources */,
				4116462F1D2DF19800715643 /* Frameworks */,
				411646301D2DF19800715643 /* Resources */,
			);
			buildRules = (
			);
			dependencies = (
			);
			name = "CAShapeLayer 绘制火柴人";
			productName = "CAShapeLayer 绘制火柴人";
			productReference = 411646321D2DF19800715643 /* CAShapeLayer 绘制火柴人.app */;
			productType = "com.apple.product-type.application";
		};
/* End PBXNativeTarget section */

/* Begin PBXProject section */
		4116462A1D2DF19800715643 /* Project object */ = {
			isa = PBXProject;
			attributes = {
				LastUpgradeCheck = 0730;
				ORGANIZATIONNAME = GloryMan;
				TargetAttributes = {
					411646311D2DF19800715643 = {
						CreatedOnToolsVersion = 7.3.1;
						DevelopmentTeam = 34QXYKJ6T9;
						DevelopmentTeamName = "Shenzhen Storm Leader Technology  Co., Ltd.";
					};
				};
			};
			buildConfigurationList = 4116462D1D2DF19800715643 /* Build configuration list for PBXProject "CAShapeLayer 绘制火柴人" */;
			compatibilityVersion = "Xcode 3.2";
			developmentRegion = English;
			hasScannedForEncodings = 0;
			knownRegions = (
				en,
				Base,
			);
			mainGroup = 411646291D2DF19800715643;
			productRefGroup = 411646331D2DF19800715643 /* Products */;
			projectDirPath = "";
			projectRoot = "";
			targets = (
				411646311D2DF19800715643 /* CAShapeLayer 绘制火柴人 */,
			);
		};
/* End PBXProject section */

/* Begin PBXResourcesBuildPhase section */
		411646301D2DF19800715643 /* Resources */ = {
			isa = PBXResourcesBuildPhase;
			buildActionMask = 2147483647;
			files = (
				411646451D2DF19800715643 /* LaunchScreen.storyboard in Resources */,
				411646421D2DF19800715643 /* Assets.xcassets in Resources */,
				411646401D2DF19800715643 /* Main.storyboard in Resources */,
			);
			runOnlyForDeploymentPostprocessing = 0;
		};
/* End PBXResourcesBuildPhase section */

/* Begin PBXSourcesBuildPhase section */
		4116462E1D2DF19800715643 /* Sources */ = {
			isa = PBXSourcesBuildPhase;
			buildActionMask = 2147483647;
			files = (
				4116463D1D2DF19800715643 /* ViewController.m in Sources */,
				4116463A1D2DF19800715643 /* AppDelegate.m in Sources */,
				411646371D2DF19800715643 /* main.m in Sources */,
			);
			runOnlyForDeploymentPostprocessing = 0;
		};
/* End PBXSourcesBuildPhase section */

/* Begin PBXVariantGroup section */
		4116463E1D2DF19800715643 /* Main.storyboard */ = {
			isa = PBXVariantGroup;
			children = (
				4116463F1D2DF19800715643 /* Base */,
			);
			name = Main.storyboard;
			sourceTree = "<group>";
		};
		411646431D2DF19800715643 /* LaunchScreen.storyboard */ = {
			isa = PBXVariantGroup;
			children = (
				411646441D2DF19800715643 /* Base */,
			);
			name = LaunchScreen.storyboard;
			sourceTree = "<group>";
		};
/* End PBXVariantGroup section */

/* Begin XCBuildConfiguration section */
		411646471D2DF19800715643 /* Debug */ = {
			isa = XCBuildConfiguration;
			buildSettings = {
				ALWAYS_SEARCH_USER_PATHS = NO;
				CLANG_ANALYZER_NONNULL = YES;
				CLANG_CXX_LANGUAGE_STANDARD = "gnu++0x";
				CLANG_CXX_LIBRARY = "libc++";
				CLANG_ENABLE_MODULES = YES;
				CLANG_ENABLE_OBJC_ARC = YES;
				CLANG_WARN_BOOL_CONVERSION = YES;
				CLANG_WARN_CONSTANT_CONVERSION = YES;
				CLANG_WARN_DIRECT_OBJC_ISA_USAGE = YES_ERROR;
				CLANG_WARN_EMPTY_BODY = YES;
				CLANG_WARN_ENUM_CONVERSION = YES;
				CLANG_WARN_INT_CONVERSION = YES;
				CLANG_WARN_OBJC_ROOT_CLASS = YES_ERROR;
				CLANG_WARN_UNREACHABLE_CODE = YES;
				CLANG_WARN__DUPLICATE_METHOD_MATCH = YES;
				"CODE_SIGN_IDENTITY[sdk=iphoneos*]" = "iPhone Developer";
				COPY_PHASE_STRIP = NO;
				DEBUG_INFORMATION_FORMAT = dwarf;
				ENABLE_STRICT_OBJC_MSGSEND = YES;
				ENABLE_TESTABILITY = YES;
				GCC_C_LANGUAGE_STANDARD = gnu99;
				GCC_DYNAMIC_NO_PIC = NO;
				GCC_NO_COMMON_BLOCKS = YES;
				GCC_OPTIMIZATION_LEVEL = 0;
				GCC_PREPROCESSOR_DEFINITIONS = (
					"DEBUG=1",
					"$(inherited)",
				);
				GCC_WARN_64_TO_32_BIT_CONVERSION = YES;
				GCC_WARN_ABOUT_RETURN_TYPE = YES_ERROR;
				GCC_WARN_UNDECLARED_SELECTOR = YES;
				GCC_WARN_UNINITIALIZED_AUTOS = YES_AGGRESSIVE;
				GCC_WARN_UNUSED_FUNCTION = YES;
				GCC_WARN_UNUSED_VARIABLE = YES;
				IPHONEOS_DEPLOYMENT_TARGET = 9.3;
				MTL_ENABLE_DEBUG_INFO = YES;
				ONLY_ACTIVE_ARCH = YES;
				SDKROOT = iphoneos;
			};
			name = Debug;
		};
		411646481D2DF19800715643 /* Release */ = {
			isa = XCBuildConfiguration;
			buildSettings = {
				ALWAYS_SEARCH_USER_PATHS = NO;
				CLANG_ANALYZER_NONNULL = YES;
				CLANG_CXX_LANGUAGE_STANDARD = "gnu++0x";
				CLANG_CXX_LIBRARY = "libc++";
				CLANG_ENABLE_MODULES = YES;
				CLANG_ENABLE_OBJC_ARC = YES;
				CLANG_WARN_BOOL_CONVERSION = YES;
				CLANG_WARN_CONSTANT_CONVERSION = YES;
				CLANG_WARN_DIRECT_OBJC_ISA_USAGE = YES_ERROR;
				CLANG_WARN_EMPTY_BODY = YES;
				CLANG_WARN_ENUM_CONVERSION = YES;
				CLANG_WARN_INT_CONVERSION = YES;
				CLANG_WARN_OBJC_ROOT_CLASS = YES_ERROR;
				CLANG_WARN_UNREACHABLE_CODE = YES;
				CLANG_WARN__DUPLICATE_METHOD_MATCH = YES;
				"CODE_SIGN_IDENTITY[sdk=iphoneos*]" = "iPhone Developer";
				COPY_PHASE_STRIP = NO;
				DEBUG_INFORMATION_FORMAT = "dwarf-with-dsym";
				ENABLE_NS_ASSERTIONS = NO;
				ENABLE_STRICT_OBJC_MSGSEND = YES;
				GCC_C_LANGUAGE_STANDARD = gnu99;
				GCC_NO_COMMON_BLOCKS = YES;
				GCC_WARN_64_TO_32_BIT_CONVERSION = YES;
				GCC_WARN_ABOUT_RETURN_TYPE = YES_ERROR;
				GCC_WARN_UNDECLARED_SELECTOR = YES;
				GCC_WARN_UNINITIALIZED_AUTOS = YES_AGGRESSIVE;
				GCC_WARN_UNUSED_FUNCTION = YES;
				GCC_WARN_UNUSED_VARIABLE = YES;
				IPHONEOS_DEPLOYMENT_TARGET = 9.3;
				MTL_ENABLE_DEBUG_INFO = NO;
				SDKROOT = iphoneos;
				VALIDATE_PRODUCT = YES;
			};
			name = Release;
		};
		4116464A1D2DF19800715643 /* Debug */ = {
			isa = XCBuildConfiguration;
			buildSettings = {
				ASSETCATALOG_COMPILER_APPICON_NAME = AppIcon;
				INFOPLIST_FILE = "CAShapeLayer 绘制火柴人/Info.plist";
				LD_RUNPATH_SEARCH_PATHS = "$(inherited) @executable_path/Frameworks";
				PRODUCT_BUNDLE_IDENTIFIER = "-06907778-qq.com.CAShapeLayer------";
				PRODUCT_NAME = "$(TARGET_NAME)";
			};
			name = Debug;
		};
		4116464B1D2DF19800715643 /* Release */ = {
			isa = XCBuildConfiguration;
			buildSettings = {
				ASSETCATALOG_COMPILER_APPICON_NAME = AppIcon;
				INFOPLIST_FILE = "CAShapeLayer 绘制火柴人/Info.plist";
				LD_RUNPATH_SEARCH_PATHS = "$(inherited) @executable_path/Frameworks";
				PRODUCT_BUNDLE_IDENTIFIER = "-06907778-qq.com.CAShapeLayer------";
				PRODUCT_NAME = "$(TARGET_NAME)";
			};
			name = Release;
		};
/* End XCBuildConfiguration section */

/* Begin XCConfigurationList section */
		4116462D1D2DF19800715643 /* Build configuration list for PBXProject "CAShapeLayer 绘制火柴人" */ = {
			isa = XCConfigurationList;
			buildConfigurations = (
				411646471D2DF19800715643 /* Debug */,
				411646481D2DF19800715643 /* Release */,
			);
			defaultConfigurationIsVisible = 0;
			defaultConfigurationName = Release;
		};
		411646491D2DF19800715643 /* Build configuration list for PBXNativeTarget "CAShapeLayer 绘制火柴人" */ = {
			isa = XCConfigurationList;
			buildConfigurations = (
				4116464A1D2DF19800715643 /* Debug */,
				4116464B1D2DF19800715643 /* Release */,
			);
			defaultConfigurationIsVisible = 0;
			defaultConfigurationName = Release;
		};
/* End XCConfigurationList section */
	};
	rootObject = 4116462A1D2DF19800715643 /* Project object */;
}
