// !$*UTF8*$!
{
	archiveVersion = 1;
	classes = {
	};
	objectVersion = 46;
	objects = {

/* Begin PBXBuildFile section */
		41CD8A7D1D34D07100423E4A /* AppDelegate.swift in Sources */ = {isa = PBXBuildFile; fileRef = 41CD8A7C1D34D07100423E4A /* AppDelegate.swift */; };
		41CD8A7F1D34D07100423E4A /* ViewController.swift in Sources */ = {isa = PBXBuildFile; fileRef = 41CD8A7E1D34D07100423E4A /* ViewController.swift */; };
		41CD8A821D34D07100423E4A /* Main.storyboard in Resources */ = {isa = PBXBuildFile; fileRef = 41CD8A801D34D07100423E4A /* Main.storyboard */; };
		41CD8A841D34D07100423E4A /* Assets.xcassets in Resources */ = {isa = PBXBuildFile; fileRef = 41CD8A831D34D07100423E4A /* Assets.xcassets */; };
		41CD8A871D34D07100423E4A /* LaunchScreen.storyboard in Resources */ = {isa = PBXBuildFile; fileRef = 41CD8A851D34D07100423E4A /* LaunchScreen.storyboard */; };
		41CD8A8F1D34E3AE00423E4A /* LoadingView.swift in Sources */ = {isa = PBXBuildFile; fileRef = 41CD8A8E1D34E3AE00423E4A /* LoadingView.swift */; };
		41CD8A911D34F11500423E4A /* TriangleView.swift in Sources */ = {isa = PBXBuildFile; fileRef = 41CD8A901D34F11500423E4A /* TriangleView.swift */; };
		41CD8A951D35072000423E4A /* 1.png in Resources */ = {isa = PBXBuildFile; fileRef = 41CD8A941D35072000423E4A /* 1.png */; };
		41CD8A991D35087400423E4A /* ViewCAEmitter.m in Sources */ = {isa = PBXBuildFile; fileRef = 41CD8A981D35087400423E4A /* ViewCAEmitter.m */; };
		41EE5E991D350BBC003756DA /* circle.png in Resources */ = {isa = PBXBuildFile; fileRef = 41EE5E971D350BBC003756DA /* circle.png */; };
		41EE5E9A1D350BBC003756DA /* star.png in Resources */ = {isa = PBXBuildFile; fileRef = 41EE5E981D350BBC003756DA /* star.png */; };
/* End PBXBuildFile section */

/* Begin PBXFileReference section */
		41CD8A791D34D07100423E4A /* 仿 爱奇艺 加载动画 swift.app */ = {isa = PBXFileReference; explicitFileType = wrapper.application; includeInIndex = 0; path = "仿 爱奇艺 加载动画 swift.app"; sourceTree = BUILT_PRODUCTS_DIR; };
		41CD8A7C1D34D07100423E4A /* AppDelegate.swift */ = {isa = PBXFileReference; lastKnownFileType = sourcecode.swift; path = AppDelegate.swift; sourceTree = "<group>"; };
		41CD8A7E1D34D07100423E4A /* ViewController.swift */ = {isa = PBXFileReference; lastKnownFileType = sourcecode.swift; path = ViewController.swift; sourceTree = "<group>"; };
		41CD8A811D34D07100423E4A /* Base */ = {isa = PBXFileReference; lastKnownFileType = file.storyboard; name = Base; path = Base.lproj/Main.storyboard; sourceTree = "<group>"; };
		41CD8A831D34D07100423E4A /* Assets.xcassets */ = {isa = PBXFileReference; lastKnownFileType = folder.assetcatalog; path = Assets.xcassets; sourceTree = "<group>"; };
		41CD8A861D34D07100423E4A /* Base */ = {isa = PBXFileReference; lastKnownFileType = file.storyboard; name = Base; path = Base.lproj/LaunchScreen.storyboard; sourceTree = "<group>"; };
		41CD8A881D34D07100423E4A /* Info.plist */ = {isa = PBXFileReference; lastKnownFileType = text.plist.xml; path = Info.plist; sourceTree = "<group>"; };
		41CD8A8E1D34E3AE00423E4A /* LoadingView.swift */ = {isa = PBXFileReference; fileEncoding = 4; lastKnownFileType = sourcecode.swift; path = LoadingView.swift; sourceTree = "<group>"; };
		41CD8A901D34F11500423E4A /* TriangleView.swift */ = {isa = PBXFileReference; fileEncoding = 4; lastKnownFileType = sourcecode.swift; path = TriangleView.swift; sourceTree = "<group>"; };
		41CD8A941D35072000423E4A /* 1.png */ = {isa = PBXFileReference; lastKnownFileType = image.png; path = 1.png; sourceTree = "<group>"; };
		41CD8A961D35087400423E4A /* 仿 爱奇艺 加载动画 swift-Bridging-Header.h */ = {isa = PBXFileReference; lastKnownFileType = sourcecode.c.h; path = "仿 爱奇艺 加载动画 swift-Bridging-Header.h"; sourceTree = "<group>"; };
		41CD8A971D35087400423E4A /* ViewCAEmitter.h */ = {isa = PBXFileReference; fileEncoding = 4; lastKnownFileType = sourcecode.c.h; path = ViewCAEmitter.h; sourceTree = "<group>"; };
		41CD8A981D35087400423E4A /* ViewCAEmitter.m */ = {isa = PBXFileReference; fileEncoding = 4; lastKnownFileType = sourcecode.c.objc; path = ViewCAEmitter.m; sourceTree = "<group>"; };
		41EE5E971D350BBC003756DA /* circle.png */ = {isa = PBXFileReference; lastKnownFileType = image.png; path = circle.png; sourceTree = "<group>"; };
		41EE5E981D350BBC003756DA /* star.png */ = {isa = PBXFileReference; lastKnownFileType = image.png; path = star.png; sourceTree = "<group>"; };
/* End PBXFileReference section */

/* Begin PBXFrameworksBuildPhase section */
		41CD8A761D34D07100423E4A /* Frameworks */ = {
			isa = PBXFrameworksBuildPhase;
			buildActionMask = 2147483647;
			files = (
			);
			runOnlyForDeploymentPostprocessing = 0;
		};
/* End PBXFrameworksBuildPhase section */

/* Begin PBXGroup section */
		41CD8A701D34D07100423E4A = {
			isa = PBXGroup;
			children = (
				41CD8A7B1D34D07100423E4A /* 仿 爱奇艺 加载动画 swift */,
				41CD8A7A1D34D07100423E4A /* Products */,
			);
			sourceTree = "<group>";
		};
		41CD8A7A1D34D07100423E4A /* Products */ = {
			isa = PBXGroup;
			children = (
				41CD8A791D34D07100423E4A /* 仿 爱奇艺 加载动画 swift.app */,
			);
			name = Products;
			sourceTree = "<group>";
		};
		41CD8A7B1D34D07100423E4A /* 仿 爱奇艺 加载动画 swift */ = {
			isa = PBXGroup;
			children = (
				41CD8A941D35072000423E4A /* 1.png */,
				41CD8A7C1D34D07100423E4A /* AppDelegate.swift */,
				41CD8A7E1D34D07100423E4A /* ViewController.swift */,
				41CD8A8E1D34E3AE00423E4A /* LoadingView.swift */,
				41CD8A901D34F11500423E4A /* TriangleView.swift */,
				41CD8A971D35087400423E4A /* ViewCAEmitter.h */,
				41CD8A981D35087400423E4A /* ViewCAEmitter.m */,
				41CD8A801D34D07100423E4A /* Main.storyboard */,
				41EE5E971D350BBC003756DA /* circle.png */,
				41EE5E981D350BBC003756DA /* star.png */,
				41CD8A831D34D07100423E4A /* Assets.xcassets */,
				41CD8A851D34D07100423E4A /* LaunchScreen.storyboard */,
				41CD8A881D34D07100423E4A /* Info.plist */,
				41CD8A961D35087400423E4A /* 仿 爱奇艺 加载动画 swift-Bridging-Header.h */,
			);
			path = "仿 爱奇艺 加载动画 swift";
			sourceTree = "<group>";
		};
/* End PBXGroup section */

/* Begin PBXNativeTarget section */
		41CD8A781D34D07100423E4A /* 仿 爱奇艺 加载动画 swift */ = {
			isa = PBXNativeTarget;
			buildConfigurationList = 41CD8A8B1D34D07100423E4A /* Build configuration list for PBXNativeTarget "仿 爱奇艺 加载动画 swift" */;
			buildPhases = (
				41CD8A751D34D07100423E4A /* Sources */,
				41CD8A761D34D07100423E4A /* Frameworks */,
				41CD8A771D34D07100423E4A /* Resources */,
			);
			buildRules = (
			);
			dependencies = (
			);
			name = "仿 爱奇艺 加载动画 swift";
			productName = "仿 爱奇艺 加载动画 swift";
			productReference = 41CD8A791D34D07100423E4A /* 仿 爱奇艺 加载动画 swift.app */;
			productType = "com.apple.product-type.application";
		};
/* End PBXNativeTarget section */

/* Begin PBXProject section */
		41CD8A711D34D07100423E4A /* Project object */ = {
			isa = PBXProject;
			attributes = {
				LastSwiftUpdateCheck = 0730;
				LastUpgradeCheck = 0730;
				ORGANIZATIONNAME = GloryMan;
				TargetAttributes = {
					41CD8A781D34D07100423E4A = {
						CreatedOnToolsVersion = 7.3.1;
					};
				};
			};
			buildConfigurationList = 41CD8A741D34D07100423E4A /* Build configuration list for PBXProject "仿 爱奇艺 加载动画 swift" */;
			compatibilityVersion = "Xcode 3.2";
			developmentRegion = English;
			hasScannedForEncodings = 0;
			knownRegions = (
				en,
				Base,
			);
			mainGroup = 41CD8A701D34D07100423E4A;
			productRefGroup = 41CD8A7A1D34D07100423E4A /* Products */;
			projectDirPath = "";
			projectRoot = "";
			targets = (
				41CD8A781D34D07100423E4A /* 仿 爱奇艺 加载动画 swift */,
			);
		};
/* End PBXProject section */

/* Begin PBXResourcesBuildPhase section */
		41CD8A771D34D07100423E4A /* Resources */ = {
			isa = PBXResourcesBuildPhase;
			buildActionMask = 2147483647;
			files = (
				41CD8A871D34D07100423E4A /* LaunchScreen.storyboard in Resources */,
				41CD8A841D34D07100423E4A /* Assets.xcassets in Resources */,
				41EE5E991D350BBC003756DA /* circle.png in Resources */,
				41CD8A821D34D07100423E4A /* Main.storyboard in Resources */,
				41CD8A951D35072000423E4A /* 1.png in Resources */,
				41EE5E9A1D350BBC003756DA /* star.png in Resources */,
			);
			runOnlyForDeploymentPostprocessing = 0;
		};
/* End PBXResourcesBuildPhase section */

/* Begin PBXSourcesBuildPhase section */
		41CD8A751D34D07100423E4A /* Sources */ = {
			isa = PBXSourcesBuildPhase;
			buildActionMask = 2147483647;
			files = (
				41CD8A991D35087400423E4A /* ViewCAEmitter.m in Sources */,
				41CD8A7F1D34D07100423E4A /* ViewController.swift in Sources */,
				41CD8A7D1D34D07100423E4A /* AppDelegate.swift in Sources */,
				41CD8A911D34F11500423E4A /* TriangleView.swift in Sources */,
				41CD8A8F1D34E3AE00423E4A /* LoadingView.swift in Sources */,
			);
			runOnlyForDeploymentPostprocessing = 0;
		};
/* End PBXSourcesBuildPhase section */

/* Begin PBXVariantGroup section */
		41CD8A801D34D07100423E4A /* Main.storyboard */ = {
			isa = PBXVariantGroup;
			children = (
				41CD8A811D34D07100423E4A /* Base */,
			);
			name = Main.storyboard;
			sourceTree = "<group>";
		};
		41CD8A851D34D07100423E4A /* LaunchScreen.storyboard */ = {
			isa = PBXVariantGroup;
			children = (
				41CD8A861D34D07100423E4A /* Base */,
			);
			name = LaunchScreen.storyboard;
			sourceTree = "<group>";
		};
/* End PBXVariantGroup section */

/* Begin XCBuildConfiguration section */
		41CD8A891D34D07100423E4A /* Debug */ = {
			isa = XCBuildConfiguration;
			buildSettings = {
				ALWAYS_SEARCH_USER_PATHS = NO;
				CLANG_ANALYZER_NONNULL = YES;
				CLANG_CXX_LANGUAGE_STANDARD = "gnu++0x";
				CLANG_CXX_LIBRARY = "libc++";
				CLANG_ENABLE_MODULES = YES;
				CLANG_ENABLE_OBJC_ARC = YES;
				CLANG_WARN_BOOL_CONVERSION = YES;
				CLANG_WARN_CONSTANT_CONVERSION = YES;
				CLANG_WARN_DIRECT_OBJC_ISA_USAGE = YES_ERROR;
				CLANG_WARN_EMPTY_BODY = YES;
				CLANG_WARN_ENUM_CONVERSION = YES;
				CLANG_WARN_INT_CONVERSION = YES;
				CLANG_WARN_OBJC_ROOT_CLASS = YES_ERROR;
				CLANG_WARN_UNREACHABLE_CODE = YES;
				CLANG_WARN__DUPLICATE_METHOD_MATCH = YES;
				"CODE_SIGN_IDENTITY[sdk=iphoneos*]" = "iPhone Developer";
				COPY_PHASE_STRIP = NO;
				DEBUG_INFORMATION_FORMAT = dwarf;
				ENABLE_STRICT_OBJC_MSGSEND = YES;
				ENABLE_TESTABILITY = YES;
				GCC_C_LANGUAGE_STANDARD = gnu99;
				GCC_DYNAMIC_NO_PIC = NO;
				GCC_NO_COMMON_BLOCKS = YES;
				GCC_OPTIMIZATION_LEVEL = 0;
				GCC_PREPROCESSOR_DEFINITIONS = (
					"DEBUG=1",
					"$(inherited)",
				);
				GCC_WARN_64_TO_32_BIT_CONVERSION = YES;
				GCC_WARN_ABOUT_RETURN_TYPE = YES_ERROR;
				GCC_WARN_UNDECLARED_SELECTOR = YES;
				GCC_WARN_UNINITIALIZED_AUTOS = YES_AGGRESSIVE;
				GCC_WARN_UNUSED_FUNCTION = YES;
				GCC_WARN_UNUSED_VARIABLE = YES;
				IPHONEOS_DEPLOYMENT_TARGET = 9.3;
				MTL_ENABLE_DEBUG_INFO = YES;
				ONLY_ACTIVE_ARCH = YES;
				SDKROOT = iphoneos;
				SWIFT_OPTIMIZATION_LEVEL = "-Onone";
			};
			name = Debug;
		};
		41CD8A8A1D34D07100423E4A /* Release */ = {
			isa = XCBuildConfiguration;
			buildSettings = {
				ALWAYS_SEARCH_USER_PATHS = NO;
				CLANG_ANALYZER_NONNULL = YES;
				CLANG_CXX_LANGUAGE_STANDARD = "gnu++0x";
				CLANG_CXX_LIBRARY = "libc++";
				CLANG_ENABLE_MODULES = YES;
				CLANG_ENABLE_OBJC_ARC = YES;
				CLANG_WARN_BOOL_CONVERSION = YES;
				CLANG_WARN_CONSTANT_CONVERSION = YES;
				CLANG_WARN_DIRECT_OBJC_ISA_USAGE = YES_ERROR;
				CLANG_WARN_EMPTY_BODY = YES;
				CLANG_WARN_ENUM_CONVERSION = YES;
				CLANG_WARN_INT_CONVERSION = YES;
				CLANG_WARN_OBJC_ROOT_CLASS = YES_ERROR;
				CLANG_WARN_UNREACHABLE_CODE = YES;
				CLANG_WARN__DUPLICATE_METHOD_MATCH = YES;
				"CODE_SIGN_IDENTITY[sdk=iphoneos*]" = "iPhone Developer";
				COPY_PHASE_STRIP = NO;
				DEBUG_INFORMATION_FORMAT = "dwarf-with-dsym";
				ENABLE_NS_ASSERTIONS = NO;
				ENABLE_STRICT_OBJC_MSGSEND = YES;
				GCC_C_LANGUAGE_STANDARD = gnu99;
				GCC_NO_COMMON_BLOCKS = YES;
				GCC_WARN_64_TO_32_BIT_CONVERSION = YES;
				GCC_WARN_ABOUT_RETURN_TYPE = YES_ERROR;
				GCC_WARN_UNDECLARED_SELECTOR = YES;
				GCC_WARN_UNINITIALIZED_AUTOS = YES_AGGRESSIVE;
				GCC_WARN_UNUSED_FUNCTION = YES;
				GCC_WARN_UNUSED_VARIABLE = YES;
				IPHONEOS_DEPLOYMENT_TARGET = 9.3;
				MTL_ENABLE_DEBUG_INFO = NO;
				SDKROOT = iphoneos;
				VALIDATE_PRODUCT = YES;
			};
			name = Release;
		};
		41CD8A8C1D34D07100423E4A /* Debug */ = {
			isa = XCBuildConfiguration;
			buildSettings = {
				ASSETCATALOG_COMPILER_APPICON_NAME = AppIcon;
				CLANG_ENABLE_MODULES = YES;
				INFOPLIST_FILE = "仿 爱奇艺 加载动画 swift/Info.plist";
				LD_RUNPATH_SEARCH_PATHS = "$(inherited) @executable_path/Frameworks";
				PRODUCT_BUNDLE_IDENTIFIER = "-06907778-qq.com.-----------swift";
				PRODUCT_NAME = "$(TARGET_NAME)";
				SWIFT_OBJC_BRIDGING_HEADER = "仿 爱奇艺 加载动画 swift/仿 爱奇艺 加载动画 swift-Bridging-Header.h";
				SWIFT_OPTIMIZATION_LEVEL = "-Onone";
			};
			name = Debug;
		};
		41CD8A8D1D34D07100423E4A /* Release */ = {
			isa = XCBuildConfiguration;
			buildSettings = {
				ASSETCATALOG_COMPILER_APPICON_NAME = AppIcon;
				CLANG_ENABLE_MODULES = YES;
				INFOPLIST_FILE = "仿 爱奇艺 加载动画 swift/Info.plist";
				LD_RUNPATH_SEARCH_PATHS = "$(inherited) @executable_path/Frameworks";
				PRODUCT_BUNDLE_IDENTIFIER = "-06907778-qq.com.-----------swift";
				PRODUCT_NAME = "$(TARGET_NAME)";
				SWIFT_OBJC_BRIDGING_HEADER = "仿 爱奇艺 加载动画 swift/仿 爱奇艺 加载动画 swift-Bridging-Header.h";
			};
			name = Release;
		};
/* End XCBuildConfiguration section */

/* Begin XCConfigurationList section */
		41CD8A741D34D07100423E4A /* Build configuration list for PBXProject "仿 爱奇艺 加载动画 swift" */ = {
			isa = XCConfigurationList;
			buildConfigurations = (
				41CD8A891D34D07100423E4A /* Debug */,
				41CD8A8A1D34D07100423E4A /* Release */,
			);
			defaultConfigurationIsVisible = 0;
			defaultConfigurationName = Release;
		};
		41CD8A8B1D34D07100423E4A /* Build configuration list for PBXNativeTarget "仿 爱奇艺 加载动画 swift" */ = {
			isa = XCConfigurationList;
			buildConfigurations = (
				41CD8A8C1D34D07100423E4A /* Debug */,
				41CD8A8D1D34D07100423E4A /* Release */,
			);
			defaultConfigurationIsVisible = 0;
			defaultConfigurationName = Release;
		};
/* End XCConfigurationList section */
	};
	rootObject = 41CD8A711D34D07100423E4A /* Project object */;
}
